schema: '2.0'
stages:
  source@addresses:
    cmd: python scripts/ingest_data.py addresses
    deps:
    - path: scripts/ingest_data.py
      hash: md5
      md5: 65b877ea8d2c90d269d40ffdbb05f940
      size: 635
    outs:
    - path: data/source/src_addresses.csv
      hash: md5
      md5: 1f2bbe98ea9ff41b089b51c43ba6e6fd
      size: 35589
  source@properties:
    cmd: python scripts/ingest_data.py properties
    deps:
    - path: scripts/ingest_data.py
      hash: md5
      md5: 65b877ea8d2c90d269d40ffdbb05f940
      size: 635
    outs:
    - path: data/source/src_properties.csv
      hash: md5
      md5: 10d25d5a8512ff936f57f785c9898f4e
      size: 80819
  source@users:
    cmd: python scripts/ingest_data.py users
    deps:
    - path: scripts/ingest_data.py
      hash: md5
      md5: 65b877ea8d2c90d269d40ffdbb05f940
      size: 635
    outs:
    - path: data/source/src_users.csv
      hash: md5
      md5: 8a1088e85395255f26fa7aff2900969d
      size: 1128
  ingest_data@addresses:
    cmd: python scripts/ingest_data.py addresses
    deps:
    - path: scripts/ingest_data.py
      hash: md5
      md5: 65b877ea8d2c90d269d40ffdbb05f940
      size: 635
    outs:
    - path: data/source/src_addresses.csv
      hash: md5
      md5: 1f2bbe98ea9ff41b089b51c43ba6e6fd
      size: 35589
  ingest_data@properties:
    cmd: python scripts/ingest_data.py properties
    deps:
    - path: scripts/ingest_data.py
      hash: md5
      md5: 65b877ea8d2c90d269d40ffdbb05f940
      size: 635
    outs:
    - path: data/source/src_properties.csv
      hash: md5
      md5: 10d25d5a8512ff936f57f785c9898f4e
      size: 80819
  ingest_data@users:
    cmd: python scripts/ingest_data.py users
    deps:
    - path: scripts/ingest_data.py
      hash: md5
      md5: 65b877ea8d2c90d269d40ffdbb05f940
      size: 635
    outs:
    - path: data/source/src_users.csv
      hash: md5
      md5: 8a1088e85395255f26fa7aff2900969d
      size: 1128
  create_stage@addresses:
    cmd: python stg_addresses.py
    deps:
    - path: ../data/source/src_addresses.csv
      hash: md5
      md5: 1f2bbe98ea9ff41b089b51c43ba6e6fd
      size: 35589
    - path: stg_addresses.py
      hash: md5
      md5: c06fc9fe731d21d94a1da5c773a81f86
      size: 5470
    outs:
    - path: ../data/stage/stg_addresses.pickle
      hash: md5
      md5: 6150ea98307c61e3f514e525a0da5997
      size: 27414
  create_stage@properties:
    cmd: python stg_properties.py
    deps:
    - path: ../data/source/src_properties.csv
      hash: md5
      md5: 10d25d5a8512ff936f57f785c9898f4e
      size: 80819
    - path: stg_properties.py
      hash: md5
      md5: 5f8a43260104e65d13926468ce71081f
      size: 3020
    outs:
    - path: ../data/stage/stg_properties.pickle
      hash: md5
      md5: 5b78c81fa1a4c3c9568bdd044ba895c2
      size: 36984
  create_stage@users:
    cmd: python stg_users.py
    deps:
    - path: ../data/source/src_users.csv
      hash: md5
      md5: 8a1088e85395255f26fa7aff2900969d
      size: 1128
    - path: stg_users.py
      hash: md5
      md5: b128cc029e6d84b0cdd3f7c141494ab3
      size: 1905
    outs:
    - path: ../data/stage/stg_users.pickle
      hash: md5
      md5: 0ceb9e8138bceb556ff2b68c26f90638
      size: 2207
  create_facts:
    cmd: python fct_co2_emissions.py
    deps:
    - path: ../data/stage/stg_properties.pickle
      hash: md5
      md5: 5b78c81fa1a4c3c9568bdd044ba895c2
      size: 36984
    - path: stg_properties.py
      hash: md5
      md5: 5f8a43260104e65d13926468ce71081f
      size: 3020
    outs:
    - path: ../data/facts/fct_co2_emissions.csv
      hash: md5
      md5: f596309020c489b6f01931fd7bba1beb
      size: 59772
  create_dimensions@addresses:
    cmd: python dim_addresses.py
    deps:
    - path: ../data/stage/stg_addresses.pickle
      hash: md5
      md5: 6150ea98307c61e3f514e525a0da5997
      size: 27414
    - path: dim_addresses.py
      hash: md5
      md5: b61da28fb771460e24a8b2d0da98921e
      size: 762
    outs:
    - path: ../data/dimensions/dim_addresses.csv
      hash: md5
      md5: 5d8aba731913e911a39391188ab1ac3d
      size: 21795
  create_dimensions@properties:
    cmd: python dim_properties.py
    deps:
    - path: ../data/stage/stg_properties.pickle
      hash: md5
      md5: 5b78c81fa1a4c3c9568bdd044ba895c2
      size: 36984
    - path: dim_properties.py
      hash: md5
      md5: 9cc3fbffed9f6d5b7e690b9792549c9d
      size: 519
    outs:
    - path: ../data/dimensions/dim_properties.csv
      hash: md5
      md5: 0ade16a794a06c7bc731f4bd609708d4
      size: 29279
  create_dimensions@users:
    cmd: python dim_users.py
    deps:
    - path: ../data/stage/stg_users.pickle
      hash: md5
      md5: 0ceb9e8138bceb556ff2b68c26f90638
      size: 2207
    - path: dim_users.py
      hash: md5
      md5: 11fc4ed1e363c1cb92ab33219acd9b66
      size: 723
    outs:
    - path: ../data/dimensions/dim_users.csv
      hash: md5
      md5: e204408a18505eadcfaed441bb8e5642
      size: 1048
  analyze:
    cmd: python analysis.py
    deps:
    - path: ../data/dimensions/
      hash: md5
      md5: eb20414a9a56e2fada10f52ae64b8778.dir
      size: 52122
      nfiles: 3
    - path: ../data/facts/fct_co2_emissions.csv
      hash: md5
      md5: f596309020c489b6f01931fd7bba1beb
      size: 59772
    - path: dim_addresses.py
      hash: md5
      md5: b61da28fb771460e24a8b2d0da98921e
      size: 762
    - path: dim_properties.py
      hash: md5
      md5: 9cc3fbffed9f6d5b7e690b9792549c9d
      size: 519
    - path: dim_users.py
      hash: md5
      md5: 11fc4ed1e363c1cb92ab33219acd9b66
      size: 723
    - path: fct_co2_emissions.py
      hash: md5
      md5: 2aa483a651bdd46c2d97ddb950c298bb
      size: 2068
    outs:
    - path: ../plots/bar_charts_text_and_boolean_categories.png
      hash: md5
      md5: 54fe20f17fabf4ab101bb5fc395abd22
      size: 241159
    - path: ../plots/box_plots.png
      hash: md5
      md5: bd5a99e2f96c2b8eaf3c5eedac5ec27a
      size: 114663
    - path: ../plots/boxplot_co2_emissions_by_year.png
      hash: md5
      md5: 51b70422bcab646036b2a265e00f32e1
      size: 35893
    - path: ../plots/properties_by_city.png
      hash: md5
      md5: 54d8da3a317f49495ab08f2b41defe07
      size: 25847
    - path: ../plots/properties_by_plz.png
      hash: md5
      md5: 68646533aba4cb849cbd40c99f960d04
      size: 28363
    - path: ../plots/scatter_co2_intensity_vs_construction_year.png
      hash: md5
      md5: ef0045c7ae66960e39871bf5ed13cad2
      size: 41702
